# THIS IS AN AUTOGENERATED FILE. DO NOT EDIT THIS FILE DIRECTLY.
# yarn lockfile v1


"@ethersproject/bytes@^5.1.0":
  version "5.1.0"
  resolved "https://registry.yarnpkg.com/@ethersproject/bytes/-/bytes-5.1.0.tgz#55dfa9c4c21df1b1b538be3accb50fb76d5facfd"
  integrity sha512-sGTxb+LVjFxJcJeUswAIK6ncgOrh3D8c192iEJd7mLr95V6du119rRfYT/b87WPkZ5I3gRBUYIYXtdgCWACe8g==
  dependencies:
    "@ethersproject/logger" "^5.1.0"

"@ethersproject/keccak256@^5.0.0-beta.130":
  version "5.1.0"
  resolved "https://registry.yarnpkg.com/@ethersproject/keccak256/-/keccak256-5.1.0.tgz#fdcd88fb13bfef4271b225cdd8dec4d315c8e60e"
  integrity sha512-vrTB1W6AEYoadww5c9UyVJ2YcSiyIUTNDRccZIgwTmFFoSHwBtcvG1hqy9RzJ1T0bMdATbM9Hfx2mJ6H0i7Hig==
  dependencies:
    "@ethersproject/bytes" "^5.1.0"
    js-sha3 "0.5.7"

"@ethersproject/logger@^5.1.0":
  version "5.1.0"
  resolved "https://registry.yarnpkg.com/@ethersproject/logger/-/logger-5.1.0.tgz#4cdeeefac029373349d5818f39c31b82cc6d9bbf"
  integrity sha512-wtUaD1lBX10HBXjjKV9VHCBnTdUaKQnQ2XSET1ezglqLdPdllNOIlLfhyCRqXm5xwcjExVI5ETokOYfjPtaAlw==

js-sha3@0.5.7:
  version "0.5.7"
  resolved "https://registry.yarnpkg.com/js-sha3/-/js-sha3-0.5.7.tgz#0d4ffd8002d5333aabaf4a23eed2f6374c9f28e7"
  integrity sha1-DU/9gALVMzqrr0oj7tL2N0yfKOc=

tiny-invariant@^1.0.6:
  version "1.1.0"
  resolved "https://registry.yarnpkg.com/tiny-invariant/-/tiny-invariant-1.1.0.tgz#634c5f8efdc27714b7f386c35e6760991d230875"
  integrity sha512-ytxQvrb1cPc9WBEI/HSeYYoGD0kWnGEOR8RY6KomWLBVhqz0RgTwVO9dLrGz7dC+nN9llyI7OKAgRq8Vq4ZBSw==

tiny-warning@^1.0.3:
  version "1.0.3"
  resolved "https://registry.yarnpkg.com/tiny-warning/-/tiny-warning-1.0.3.tgz#94a30db453df4c643d0fd566060d60a875d84754"
  integrity sha512-lBN9zLN/oAf68o3zNXYrdCt1kP8WsiGW8Oo2ka41b2IM5JL/S1CTyX1rW0mb/zSuJun0ZUrDxx4sqvYS2FWzPA==
